
Microsoft Visual Studio Solution File, Format Version 12.00
# Visual Studio Version 17
VisualStudioVersion = 17.4.33205.214
MinimumVisualStudioVersion = 10.0.40219.1
Project("{FAE04EC0-301F-11D3-BF4B-00C04F79EFBC}") = "DotNet7MinimalApi", "DotNet7MinimalApi.csproj", "{548AFC2D-5894-4112-B5B0-116C22B5C7AD}"
EndProject
Project("{FAE04EC0-301F-11D3-BF4B-00C04F79EFBC}") = "DAL", "..\DAL\DAL.csproj", "{3C300A10-0F2B-4AEA-960A-1AD277361505}"
EndProject
Global
	GlobalSection(SolutionConfigurationPlatforms) = preSolution
		Debug|Any CPU = Debug|Any CPU
		Release|Any CPU = Release|Any CPU
	EndGlobalSection
	GlobalSection(ProjectConfigurationPlatforms) = postSolution
		{548AFC2D-5894-4112-B5B0-116C22B5C7AD}.Debug|Any CPU.ActiveCfg = Debug|Any CPU
		{548AFC2D-5894-4112-B5B0-116C22B5C7AD}.Debug|Any CPU.Build.0 = Debug|Any CPU
		{548AFC2D-5894-4112-B5B0-116C22B5C7AD}.Release|Any CPU.ActiveCfg = Release|Any CPU
		{548AFC2D-5894-4112-B5B0-116C22B5C7AD}.Release|Any CPU.Build.0 = Release|Any CPU
		{3C300A10-0F2B-4AEA-960A-1AD277361505}.Debug|Any CPU.ActiveCfg = Debug|Any CPU
		{3C300A10-0F2B-4AEA-960A-1AD277361505}.Debug|Any CPU.Build.0 = Debug|Any CPU
		{3C300A10-0F2B-4AEA-960A-1AD277361505}.Release|Any CPU.ActiveCfg = Release|Any CPU
		{3C300A10-0F2B-4AEA-960A-1AD277361505}.Release|Any CPU.Build.0 = Release|Any CPU
	EndGlobalSection
	GlobalSection(SolutionProperties) = preSolution
		HideSolutionNode = FALSE
	EndGlobalSection
	GlobalSection(ExtensibilityGlobals) = postSolution
		SolutionGuid = {AD92CF30-3D91-421B-895D-F6EDD9AF0E04}
	EndGlobalSection
EndGlobal
